
Microsoft Visual Studio Solution File, Format Version 12.00
# Visual Studio Version 17
VisualStudioVersion = 17.14.35821.62
MinimumVisualStudioVersion = 10.0.40219.1
Project("{2150E333-8FDC-42A3-9474-1A3956D46DE8}") = "Services", "Services", "{02EA681E-C7D8-13C7-8484-4AC65E1B71E8}"
EndProject
Project("{2150E333-8FDC-42A3-9474-1A3956D46DE8}") = "Catalog", "Catalog", "{3067904A-E4C0-419F-8A63-F0AF51760D3F}"
EndProject
Project("{FAE04EC0-301F-11D3-BF4B-00C04F79EFBC}") = "Catalog.API", "Services\Catalog\Catalog.API\Catalog.API.csproj", "{AEFFBA1F-2FA9-42B5-911C-646FA8587988}"
EndProject
Project("{2150E333-8FDC-42A3-9474-1A3956D46DE8}") = "BuildingBlocks", "BuildingBlocks", "{9E2FEC6A-DE2A-48D7-9920-FEC8B3D45555}"
EndProject
Project("{FAE04EC0-301F-11D3-BF4B-00C04F79EFBC}") = "BuildingBlocks", "BuildingBlocks\BuildingBlocks\BuildingBlocks.csproj", "{DFBEA4C9-DDDB-4B3C-8D46-8A1047C8C61B}"
EndProject
Project("{E53339B2-1760-4266-BCC7-CA923CBCF16C}") = "docker-compose", "docker-compose.dcproj", "{81DDED9D-158B-E303-5F62-77A2896D2A5A}"
EndProject
Project("{2150E333-8FDC-42A3-9474-1A3956D46DE8}") = "Basket", "Basket", "{8932D819-6773-4D07-8EA0-1FE76B3F1503}"
EndProject
Project("{FAE04EC0-301F-11D3-BF4B-00C04F79EFBC}") = "Basket.API", "Services\Basket\Basket.API\Basket.API.csproj", "{2D8D636A-EB92-4AF6-B48F-39BF7AD7A174}"
EndProject
Project("{2150E333-8FDC-42A3-9474-1A3956D46DE8}") = "Discount", "Discount", "{ADE0E5C9-926B-443D-AE59-ABB0D556D386}"
EndProject
Project("{FAE04EC0-301F-11D3-BF4B-00C04F79EFBC}") = "Discount.Grpc", "Services\Discount\Discount.Grpc\Discount.Grpc.csproj", "{7DFF4E8B-0921-487B-B9D9-06083BDC6EE0}"
EndProject
Project("{2150E333-8FDC-42A3-9474-1A3956D46DE8}") = "Ordering", "Ordering", "{A99A1DFF-8CE3-4E1D-AC11-0290B648EEC9}"
EndProject
Project("{FAE04EC0-301F-11D3-BF4B-00C04F79EFBC}") = "Ordering.API", "Services\Ordering\Ordering.API\Ordering.API.csproj", "{88649FBE-92C3-4EAA-914E-3987813BF2AE}"
EndProject
Project("{FAE04EC0-301F-11D3-BF4B-00C04F79EFBC}") = "Ordering.Domain", "Services\Ordering\Ordering.Domain\Ordering.Domain.csproj", "{94756910-7830-49B4-B52C-C0657F1CE6FC}"
EndProject
Project("{FAE04EC0-301F-11D3-BF4B-00C04F79EFBC}") = "Ordering.Application", "Services\Ordering\Ordering.Application\Ordering.Application.csproj", "{FAA386F9-10C5-4585-B69A-E4CB1CEAA1EB}"
EndProject
Project("{FAE04EC0-301F-11D3-BF4B-00C04F79EFBC}") = "Ordering.Infrastructure", "Services\Ordering\Ordering.Infrastructure\Ordering.Infrastructure.csproj", "{6DD047E8-54F0-49F0-87A1-2EEBDC0B2101}"
EndProject
Project("{FAE04EC0-301F-11D3-BF4B-00C04F79EFBC}") = "BuildingBlocks.Messaging", "BuildingBlocks\BuildingBlocks.Messaging\BuildingBlocks.Messaging.csproj", "{8A64674F-31EB-4744-8BB1-60F5770123B2}"
EndProject
Global
	GlobalSection(SolutionConfigurationPlatforms) = preSolution
		Debug|Any CPU = Debug|Any CPU
		Release|Any CPU = Release|Any CPU
	EndGlobalSection
	GlobalSection(ProjectConfigurationPlatforms) = postSolution
		{AEFFBA1F-2FA9-42B5-911C-646FA8587988}.Debug|Any CPU.ActiveCfg = Debug|Any CPU
		{AEFFBA1F-2FA9-42B5-911C-646FA8587988}.Debug|Any CPU.Build.0 = Debug|Any CPU
		{AEFFBA1F-2FA9-42B5-911C-646FA8587988}.Release|Any CPU.ActiveCfg = Release|Any CPU
		{AEFFBA1F-2FA9-42B5-911C-646FA8587988}.Release|Any CPU.Build.0 = Release|Any CPU
		{DFBEA4C9-DDDB-4B3C-8D46-8A1047C8C61B}.Debug|Any CPU.ActiveCfg = Debug|Any CPU
		{DFBEA4C9-DDDB-4B3C-8D46-8A1047C8C61B}.Debug|Any CPU.Build.0 = Debug|Any CPU
		{DFBEA4C9-DDDB-4B3C-8D46-8A1047C8C61B}.Release|Any CPU.ActiveCfg = Release|Any CPU
		{DFBEA4C9-DDDB-4B3C-8D46-8A1047C8C61B}.Release|Any CPU.Build.0 = Release|Any CPU
		{81DDED9D-158B-E303-5F62-77A2896D2A5A}.Debug|Any CPU.ActiveCfg = Debug|Any CPU
		{81DDED9D-158B-E303-5F62-77A2896D2A5A}.Debug|Any CPU.Build.0 = Debug|Any CPU
		{81DDED9D-158B-E303-5F62-77A2896D2A5A}.Release|Any CPU.ActiveCfg = Release|Any CPU
		{81DDED9D-158B-E303-5F62-77A2896D2A5A}.Release|Any CPU.Build.0 = Release|Any CPU
		{2D8D636A-EB92-4AF6-B48F-39BF7AD7A174}.Debug|Any CPU.ActiveCfg = Debug|Any CPU
		{2D8D636A-EB92-4AF6-B48F-39BF7AD7A174}.Debug|Any CPU.Build.0 = Debug|Any CPU
		{2D8D636A-EB92-4AF6-B48F-39BF7AD7A174}.Release|Any CPU.ActiveCfg = Release|Any CPU
		{2D8D636A-EB92-4AF6-B48F-39BF7AD7A174}.Release|Any CPU.Build.0 = Release|Any CPU
		{7DFF4E8B-0921-487B-B9D9-06083BDC6EE0}.Debug|Any CPU.ActiveCfg = Debug|Any CPU
		{7DFF4E8B-0921-487B-B9D9-06083BDC6EE0}.Debug|Any CPU.Build.0 = Debug|Any CPU
		{7DFF4E8B-0921-487B-B9D9-06083BDC6EE0}.Release|Any CPU.ActiveCfg = Release|Any CPU
		{7DFF4E8B-0921-487B-B9D9-06083BDC6EE0}.Release|Any CPU.Build.0 = Release|Any CPU
		{88649FBE-92C3-4EAA-914E-3987813BF2AE}.Debug|Any CPU.ActiveCfg = Debug|Any CPU
		{88649FBE-92C3-4EAA-914E-3987813BF2AE}.Debug|Any CPU.Build.0 = Debug|Any CPU
		{88649FBE-92C3-4EAA-914E-3987813BF2AE}.Release|Any CPU.ActiveCfg = Release|Any CPU
		{88649FBE-92C3-4EAA-914E-3987813BF2AE}.Release|Any CPU.Build.0 = Release|Any CPU
		{94756910-7830-49B4-B52C-C0657F1CE6FC}.Debug|Any CPU.ActiveCfg = Debug|Any CPU
		{94756910-7830-49B4-B52C-C0657F1CE6FC}.Debug|Any CPU.Build.0 = Debug|Any CPU
		{94756910-7830-49B4-B52C-C0657F1CE6FC}.Release|Any CPU.ActiveCfg = Release|Any CPU
		{94756910-7830-49B4-B52C-C0657F1CE6FC}.Release|Any CPU.Build.0 = Release|Any CPU
		{FAA386F9-10C5-4585-B69A-E4CB1CEAA1EB}.Debug|Any CPU.ActiveCfg = Debug|Any CPU
		{FAA386F9-10C5-4585-B69A-E4CB1CEAA1EB}.Debug|Any CPU.Build.0 = Debug|Any CPU
		{FAA386F9-10C5-4585-B69A-E4CB1CEAA1EB}.Release|Any CPU.ActiveCfg = Release|Any CPU
		{FAA386F9-10C5-4585-B69A-E4CB1CEAA1EB}.Release|Any CPU.Build.0 = Release|Any CPU
		{6DD047E8-54F0-49F0-87A1-2EEBDC0B2101}.Debug|Any CPU.ActiveCfg = Debug|Any CPU
		{6DD047E8-54F0-49F0-87A1-2EEBDC0B2101}.Debug|Any CPU.Build.0 = Debug|Any CPU
		{6DD047E8-54F0-49F0-87A1-2EEBDC0B2101}.Release|Any CPU.ActiveCfg = Release|Any CPU
		{6DD047E8-54F0-49F0-87A1-2EEBDC0B2101}.Release|Any CPU.Build.0 = Release|Any CPU
		{8A64674F-31EB-4744-8BB1-60F5770123B2}.Debug|Any CPU.ActiveCfg = Debug|Any CPU
		{8A64674F-31EB-4744-8BB1-60F5770123B2}.Debug|Any CPU.Build.0 = Debug|Any CPU
		{8A64674F-31EB-4744-8BB1-60F5770123B2}.Release|Any CPU.ActiveCfg = Release|Any CPU
		{8A64674F-31EB-4744-8BB1-60F5770123B2}.Release|Any CPU.Build.0 = Release|Any CPU
	EndGlobalSection
	GlobalSection(SolutionProperties) = preSolution
		HideSolutionNode = FALSE
	EndGlobalSection
	GlobalSection(NestedProjects) = preSolution
		{3067904A-E4C0-419F-8A63-F0AF51760D3F} = {02EA681E-C7D8-13C7-8484-4AC65E1B71E8}
		{AEFFBA1F-2FA9-42B5-911C-646FA8587988} = {3067904A-E4C0-419F-8A63-F0AF51760D3F}
		{9E2FEC6A-DE2A-48D7-9920-FEC8B3D45555} = {02EA681E-C7D8-13C7-8484-4AC65E1B71E8}
		{DFBEA4C9-DDDB-4B3C-8D46-8A1047C8C61B} = {9E2FEC6A-DE2A-48D7-9920-FEC8B3D45555}
		{8932D819-6773-4D07-8EA0-1FE76B3F1503} = {02EA681E-C7D8-13C7-8484-4AC65E1B71E8}
		{2D8D636A-EB92-4AF6-B48F-39BF7AD7A174} = {8932D819-6773-4D07-8EA0-1FE76B3F1503}
		{ADE0E5C9-926B-443D-AE59-ABB0D556D386} = {02EA681E-C7D8-13C7-8484-4AC65E1B71E8}
		{7DFF4E8B-0921-487B-B9D9-06083BDC6EE0} = {ADE0E5C9-926B-443D-AE59-ABB0D556D386}
		{A99A1DFF-8CE3-4E1D-AC11-0290B648EEC9} = {02EA681E-C7D8-13C7-8484-4AC65E1B71E8}
		{88649FBE-92C3-4EAA-914E-3987813BF2AE} = {A99A1DFF-8CE3-4E1D-AC11-0290B648EEC9}
		{94756910-7830-49B4-B52C-C0657F1CE6FC} = {A99A1DFF-8CE3-4E1D-AC11-0290B648EEC9}
		{FAA386F9-10C5-4585-B69A-E4CB1CEAA1EB} = {A99A1DFF-8CE3-4E1D-AC11-0290B648EEC9}
		{6DD047E8-54F0-49F0-87A1-2EEBDC0B2101} = {A99A1DFF-8CE3-4E1D-AC11-0290B648EEC9}
		{8A64674F-31EB-4744-8BB1-60F5770123B2} = {9E2FEC6A-DE2A-48D7-9920-FEC8B3D45555}
	EndGlobalSection
	GlobalSection(ExtensibilityGlobals) = postSolution
		SolutionGuid = {B2AB9E7A-6E42-41FB-8CA4-4C80AB94F7C4}
	EndGlobalSection
EndGlobal
