
Microsoft Visual Studio Solution File, Format Version 12.00
# Visual Studio Version 17
VisualStudioVersion = 17.14.35821.62
MinimumVisualStudioVersion = 10.0.40219.1
Project("{2150E333-8FDC-42A3-9474-1A3956D46DE8}") = "Services", "Services", "{02EA681E-C7D8-13C7-8484-4AC65E1B71E8}"
EndProject
Project("{2150E333-8FDC-42A3-9474-1A3956D46DE8}") = "Catalog", "Catalog", "{3067904A-E4C0-419F-8A63-F0AF51760D3F}"
EndProject
Project("{FAE04EC0-301F-11D3-BF4B-00C04F79EFBC}") = "Catalog.API", "Services\Catalog\Catalog.API\Catalog.API.csproj", "{AEFFBA1F-2FA9-42B5-911C-646FA8587988}"
EndProject
Project("{2150E333-8FDC-42A3-9474-1A3956D46DE8}") = "BuildingBlocks", "BuildingBlocks", "{9E2FEC6A-DE2A-48D7-9920-FEC8B3D45555}"
EndProject
Project("{FAE04EC0-301F-11D3-BF4B-00C04F79EFBC}") = "BuildingBlocks", "BuildingBlocks\BuildingBlocks\BuildingBlocks.csproj", "{DFBEA4C9-DDDB-4B3C-8D46-8A1047C8C61B}"
EndProject
Global
	GlobalSection(SolutionConfigurationPlatforms) = preSolution
		Debug|Any CPU = Debug|Any CPU
		Release|Any CPU = Release|Any CPU
	EndGlobalSection
	GlobalSection(ProjectConfigurationPlatforms) = postSolution
		{AEFFBA1F-2FA9-42B5-911C-646FA8587988}.Debug|Any CPU.ActiveCfg = Debug|Any CPU
		{AEFFBA1F-2FA9-42B5-911C-646FA8587988}.Debug|Any CPU.Build.0 = Debug|Any CPU
		{AEFFBA1F-2FA9-42B5-911C-646FA8587988}.Release|Any CPU.ActiveCfg = Release|Any CPU
		{AEFFBA1F-2FA9-42B5-911C-646FA8587988}.Release|Any CPU.Build.0 = Release|Any CPU
		{DFBEA4C9-DDDB-4B3C-8D46-8A1047C8C61B}.Debug|Any CPU.ActiveCfg = Debug|Any CPU
		{DFBEA4C9-DDDB-4B3C-8D46-8A1047C8C61B}.Debug|Any CPU.Build.0 = Debug|Any CPU
		{DFBEA4C9-DDDB-4B3C-8D46-8A1047C8C61B}.Release|Any CPU.ActiveCfg = Release|Any CPU
		{DFBEA4C9-DDDB-4B3C-8D46-8A1047C8C61B}.Release|Any CPU.Build.0 = Release|Any CPU
	EndGlobalSection
	GlobalSection(SolutionProperties) = preSolution
		HideSolutionNode = FALSE
	EndGlobalSection
	GlobalSection(NestedProjects) = preSolution
		{3067904A-E4C0-419F-8A63-F0AF51760D3F} = {02EA681E-C7D8-13C7-8484-4AC65E1B71E8}
		{AEFFBA1F-2FA9-42B5-911C-646FA8587988} = {3067904A-E4C0-419F-8A63-F0AF51760D3F}
		{9E2FEC6A-DE2A-48D7-9920-FEC8B3D45555} = {02EA681E-C7D8-13C7-8484-4AC65E1B71E8}
		{DFBEA4C9-DDDB-4B3C-8D46-8A1047C8C61B} = {9E2FEC6A-DE2A-48D7-9920-FEC8B3D45555}
	EndGlobalSection
	GlobalSection(ExtensibilityGlobals) = postSolution
		SolutionGuid = {B2AB9E7A-6E42-41FB-8CA4-4C80AB94F7C4}
	EndGlobalSection
EndGlobal
